
Microsoft Visual Studio Solution File, Format Version 12.00
# Visual Studio 2015
Project("{FAE04EC0-301F-11D3-BF4B-00C04F79EFBC}") = "SmartButler.Plugins", "SmartButler.Plugins.csproj", "{AAAA4AD9-293B-5F6C-2E64-870167ED3EED}"
EndProject
Project("{FAE04EC0-301F-11D3-BF4B-00C04F79EFBC}") = "SmartButler", "SmartButler.csproj", "{01A208C2-97AB-D2F8-CEBC-17B4EF78B0F8}"
EndProject
Project("{FAE04EC0-301F-11D3-BF4B-00C04F79EFBC}") = "SmartButler.Editor", "SmartButler.Editor.csproj", "{ABD8B6A6-30EB-6605-5AC1-C08FED1D7385}"
EndProject
Global
	GlobalSection(SolutionConfigurationPlatforms) = preSolution
		Debug|Any CPU = Debug|Any CPU
		Release|Any CPU = Release|Any CPU
	EndGlobalSection
	GlobalSection(ProjectConfigurationPlatforms) = postSolution
		{AAAA4AD9-293B-5F6C-2E64-870167ED3EED}.Debug|Any CPU.ActiveCfg = Debug|Any CPU
		{AAAA4AD9-293B-5F6C-2E64-870167ED3EED}.Debug|Any CPU.Build.0 = Debug|Any CPU
		{AAAA4AD9-293B-5F6C-2E64-870167ED3EED}.Release|Any CPU.ActiveCfg = Release|Any CPU
		{AAAA4AD9-293B-5F6C-2E64-870167ED3EED}.Release|Any CPU.Build.0 = Release|Any CPU
		{01A208C2-97AB-D2F8-CEBC-17B4EF78B0F8}.Debug|Any CPU.ActiveCfg = Debug|Any CPU
		{01A208C2-97AB-D2F8-CEBC-17B4EF78B0F8}.Debug|Any CPU.Build.0 = Debug|Any CPU
		{01A208C2-97AB-D2F8-CEBC-17B4EF78B0F8}.Release|Any CPU.ActiveCfg = Release|Any CPU
		{01A208C2-97AB-D2F8-CEBC-17B4EF78B0F8}.Release|Any CPU.Build.0 = Release|Any CPU
		{ABD8B6A6-30EB-6605-5AC1-C08FED1D7385}.Debug|Any CPU.ActiveCfg = Debug|Any CPU
		{ABD8B6A6-30EB-6605-5AC1-C08FED1D7385}.Debug|Any CPU.Build.0 = Debug|Any CPU
		{ABD8B6A6-30EB-6605-5AC1-C08FED1D7385}.Release|Any CPU.ActiveCfg = Release|Any CPU
		{ABD8B6A6-30EB-6605-5AC1-C08FED1D7385}.Release|Any CPU.Build.0 = Release|Any CPU
	EndGlobalSection
	GlobalSection(SolutionProperties) = preSolution
		HideSolutionNode = FALSE
	EndGlobalSection
EndGlobal
