Microsoft Visual Studio Solution File, Format Version 11.00
# Visual Studio 2008

Project("{EB4CC1B6-6A0C-88A7-24EC-8CD92A45BD70}") = "SmartButler", "Assembly-CSharp-firstpass.csproj", "{895981F6-92C3-8411-485D-161CCDDDBFE5}"
EndProject
Project("{EB4CC1B6-6A0C-88A7-24EC-8CD92A45BD70}") = "SmartButler", "Assembly-CSharp.csproj", "{4D3FBC1B-B88B-BBAA-CAF5-D3D07669370A}"
EndProject
Project("{EB4CC1B6-6A0C-88A7-24EC-8CD92A45BD70}") = "SmartButler", "Assembly-CSharp-Editor.csproj", "{A2057B45-C59C-1532-1FA5-74BDF2AA7892}"
EndProject
Global
	GlobalSection(SolutionConfigurationPlatforms) = preSolution
		Debug|Any CPU = Debug|Any CPU
		Release|Any CPU = Release|Any CPU
	EndGlobalSection
	GlobalSection(ProjectConfigurationPlatforms) = postSolution
		{895981F6-92C3-8411-485D-161CCDDDBFE5}.Debug|Any CPU.ActiveCfg = Debug|Any CPU
		{895981F6-92C3-8411-485D-161CCDDDBFE5}.Debug|Any CPU.Build.0 = Debug|Any CPU
		{895981F6-92C3-8411-485D-161CCDDDBFE5}.Release|Any CPU.ActiveCfg = Release|Any CPU
		{895981F6-92C3-8411-485D-161CCDDDBFE5}.Release|Any CPU.Build.0 = Release|Any CPU
		{4D3FBC1B-B88B-BBAA-CAF5-D3D07669370A}.Debug|Any CPU.ActiveCfg = Debug|Any CPU
		{4D3FBC1B-B88B-BBAA-CAF5-D3D07669370A}.Debug|Any CPU.Build.0 = Debug|Any CPU
		{4D3FBC1B-B88B-BBAA-CAF5-D3D07669370A}.Release|Any CPU.ActiveCfg = Release|Any CPU
		{4D3FBC1B-B88B-BBAA-CAF5-D3D07669370A}.Release|Any CPU.Build.0 = Release|Any CPU
		{A2057B45-C59C-1532-1FA5-74BDF2AA7892}.Debug|Any CPU.ActiveCfg = Debug|Any CPU
		{A2057B45-C59C-1532-1FA5-74BDF2AA7892}.Debug|Any CPU.Build.0 = Debug|Any CPU
		{A2057B45-C59C-1532-1FA5-74BDF2AA7892}.Release|Any CPU.ActiveCfg = Release|Any CPU
		{A2057B45-C59C-1532-1FA5-74BDF2AA7892}.Release|Any CPU.Build.0 = Release|Any CPU
	EndGlobalSection
	GlobalSection(SolutionProperties) = preSolution
		HideSolutionNode = FALSE
	EndGlobalSection
	GlobalSection(MonoDevelopProperties) = preSolution
		StartupItem = Assembly-CSharp.csproj
	EndGlobalSection
EndGlobal
