
Microsoft Visual Studio Solution File, Format Version 12.00
# Visual Studio 2015
Project("{FAE04EC0-301F-11D3-BF4B-00C04F79EFBC}") = "SmartButler.CSharp.Plugins", "SmartButler.CSharp.Plugins.csproj", "{33E3C704-E1FF-3602-D2F3-65B3CA546403}"
EndProject
Project("{FAE04EC0-301F-11D3-BF4B-00C04F79EFBC}") = "SmartButler.CSharp", "SmartButler.CSharp.csproj", "{154FCBAE-D9A7-D9AF-D85C-736FE7B4D8F0}"
EndProject
Project("{FAE04EC0-301F-11D3-BF4B-00C04F79EFBC}") = "SmartButler.CSharp.Editor", "SmartButler.CSharp.Editor.csproj", "{EA5A9F5B-26E3-AF0A-5818-9A18D40C3003}"
EndProject
Global
	GlobalSection(SolutionConfigurationPlatforms) = preSolution
		Debug|Any CPU = Debug|Any CPU
		Release|Any CPU = Release|Any CPU
	EndGlobalSection
	GlobalSection(ProjectConfigurationPlatforms) = postSolution
		{33E3C704-E1FF-3602-D2F3-65B3CA546403}.Debug|Any CPU.ActiveCfg = Debug|Any CPU
		{33E3C704-E1FF-3602-D2F3-65B3CA546403}.Debug|Any CPU.Build.0 = Debug|Any CPU
		{33E3C704-E1FF-3602-D2F3-65B3CA546403}.Release|Any CPU.ActiveCfg = Release|Any CPU
		{33E3C704-E1FF-3602-D2F3-65B3CA546403}.Release|Any CPU.Build.0 = Release|Any CPU
		{154FCBAE-D9A7-D9AF-D85C-736FE7B4D8F0}.Debug|Any CPU.ActiveCfg = Debug|Any CPU
		{154FCBAE-D9A7-D9AF-D85C-736FE7B4D8F0}.Debug|Any CPU.Build.0 = Debug|Any CPU
		{154FCBAE-D9A7-D9AF-D85C-736FE7B4D8F0}.Release|Any CPU.ActiveCfg = Release|Any CPU
		{154FCBAE-D9A7-D9AF-D85C-736FE7B4D8F0}.Release|Any CPU.Build.0 = Release|Any CPU
		{EA5A9F5B-26E3-AF0A-5818-9A18D40C3003}.Debug|Any CPU.ActiveCfg = Debug|Any CPU
		{EA5A9F5B-26E3-AF0A-5818-9A18D40C3003}.Debug|Any CPU.Build.0 = Debug|Any CPU
		{EA5A9F5B-26E3-AF0A-5818-9A18D40C3003}.Release|Any CPU.ActiveCfg = Release|Any CPU
		{EA5A9F5B-26E3-AF0A-5818-9A18D40C3003}.Release|Any CPU.Build.0 = Release|Any CPU
	EndGlobalSection
	GlobalSection(SolutionProperties) = preSolution
		HideSolutionNode = FALSE
	EndGlobalSection
EndGlobal
